
Microsoft Visual Studio Solution File, Format Version 12.00
# Visual Studio Version 17
VisualStudioVersion = 17.11.35312.102
MinimumVisualStudioVersion = 10.0.40219.1
Project("{8BC9CEB8-8B4A-11D0-8D11-00A0C91BC942}") = "PG3", "PG3.vcxproj", "{004B8C37-3F1E-4CEE-927B-AE4C1B814CB1}"
EndProject
Project("{2150E333-8FDC-42A3-9474-1A3956D46DE8}") = "ソリューション項目", "ソリューション項目", "{610088F4-6D39-4CCD-BC8B-95CF9B98C308}"
	ProjectSection(SolutionItems) = preProject
		.editorconfig.txt = .editorconfig.txt
	EndProjectSection
EndProject
Global
	GlobalSection(SolutionConfigurationPlatforms) = preSolution
		Debug|x64 = Debug|x64
		Debug|x86 = Debug|x86
		Release|x64 = Release|x64
		Release|x86 = Release|x86
	EndGlobalSection
	GlobalSection(ProjectConfigurationPlatforms) = postSolution
		{004B8C37-3F1E-4CEE-927B-AE4C1B814CB1}.Debug|x64.ActiveCfg = Debug|x64
		{004B8C37-3F1E-4CEE-927B-AE4C1B814CB1}.Debug|x64.Build.0 = Debug|x64
		{004B8C37-3F1E-4CEE-927B-AE4C1B814CB1}.Debug|x86.ActiveCfg = Debug|Win32
		{004B8C37-3F1E-4CEE-927B-AE4C1B814CB1}.Debug|x86.Build.0 = Debug|Win32
		{004B8C37-3F1E-4CEE-927B-AE4C1B814CB1}.Release|x64.ActiveCfg = Release|x64
		{004B8C37-3F1E-4CEE-927B-AE4C1B814CB1}.Release|x64.Build.0 = Release|x64
		{004B8C37-3F1E-4CEE-927B-AE4C1B814CB1}.Release|x86.ActiveCfg = Release|Win32
		{004B8C37-3F1E-4CEE-927B-AE4C1B814CB1}.Release|x86.Build.0 = Release|Win32
	EndGlobalSection
	GlobalSection(SolutionProperties) = preSolution
		HideSolutionNode = FALSE
	EndGlobalSection
	GlobalSection(ExtensibilityGlobals) = postSolution
		SolutionGuid = {DEB05E76-897F-4E30-AF60-A32FB044812F}
	EndGlobalSection
EndGlobal
